// !$*UTF8*$!
{
	archiveVersion = 1;
	classes = {
	};
	objectVersion = 55;
	objects = {

/* Begin PBXBuildFile section */
		0B23D9182786D19B00D29FEB /* DetailViewModel.swift in Sources */ = {isa = PBXBuildFile; fileRef = 0B23D9172786D19B00D29FEB /* DetailViewModel.swift */; };
		0B299BB527C790B700FB0BC0 /* LoginViewModel.swift in Sources */ = {isa = PBXBuildFile; fileRef = 0B299BB427C790B700FB0BC0 /* LoginViewModel.swift */; };
		0B3F097827631712009BC7AD /* SearchViewController.swift in Sources */ = {isa = PBXBuildFile; fileRef = 0B3F097727631712009BC7AD /* SearchViewController.swift */; };
		0B3F097B276320C1009BC7AD /* PersistencyManager.swift in Sources */ = {isa = PBXBuildFile; fileRef = 0B3F097A276320C1009BC7AD /* PersistencyManager.swift */; };
		0B3F097D276320EA009BC7AD /* Books.swift in Sources */ = {isa = PBXBuildFile; fileRef = 0B3F097C276320EA009BC7AD /* Books.swift */; };
		0B58D5BE2761C448003C3832 /* AppDelegate.swift in Sources */ = {isa = PBXBuildFile; fileRef = 0B58D5BD2761C448003C3832 /* AppDelegate.swift */; };
		0B58D5C02761C448003C3832 /* SceneDelegate.swift in Sources */ = {isa = PBXBuildFile; fileRef = 0B58D5BF2761C448003C3832 /* SceneDelegate.swift */; };
		0B58D5C22761C448003C3832 /* CalendarViewController.swift in Sources */ = {isa = PBXBuildFile; fileRef = 0B58D5C12761C448003C3832 /* CalendarViewController.swift */; };
		0B58D5C52761C448003C3832 /* Main.storyboard in Resources */ = {isa = PBXBuildFile; fileRef = 0B58D5C32761C448003C3832 /* Main.storyboard */; };
		0B58D5CA2761C44A003C3832 /* LaunchScreen.storyboard in Resources */ = {isa = PBXBuildFile; fileRef = 0B58D5C82761C44A003C3832 /* LaunchScreen.storyboard */; };
		0B58D5D52761C60A003C3832 /* CalendarCollectionViewCell.swift in Sources */ = {isa = PBXBuildFile; fileRef = 0B58D5D32761C60A003C3832 /* CalendarCollectionViewCell.swift */; };
		0B58D5D62761C60A003C3832 /* CalendarCollectionViewCell.xib in Resources */ = {isa = PBXBuildFile; fileRef = 0B58D5D42761C60A003C3832 /* CalendarCollectionViewCell.xib */; };
		0B64FFD927BF6AD200618511 /* GoogleService-Info.plist in Resources */ = {isa = PBXBuildFile; fileRef = 0B64FFD827BF6AD200618511 /* GoogleService-Info.plist */; };
		0B6E907727BE5772007DEB5D /* CustomSideMenuNavigationController.swift in Sources */ = {isa = PBXBuildFile; fileRef = 0B6E907627BE5772007DEB5D /* CustomSideMenuNavigationController.swift */; };
		0B6E907927BE58FC007DEB5D /* SideMenuViewController.swift in Sources */ = {isa = PBXBuildFile; fileRef = 0B6E907827BE58FC007DEB5D /* SideMenuViewController.swift */; };
		0B6E907C27BE5C38007DEB5D /* RoundImage.swift in Sources */ = {isa = PBXBuildFile; fileRef = 0B6E907B27BE5C38007DEB5D /* RoundImage.swift */; };
		0B6E908927BE6AC6007DEB5D /* Assets.xcassets in Resources */ = {isa = PBXBuildFile; fileRef = 0B6E908827BE6AC6007DEB5D /* Assets.xcassets */; };
		0B71FEE627C1FF2B005BC3CE /* SideMenuViewModel.swift in Sources */ = {isa = PBXBuildFile; fileRef = 0B71FEE527C1FF2B005BC3CE /* SideMenuViewModel.swift */; };
		0B71FEE827C205CD005BC3CE /* Users.swift in Sources */ = {isa = PBXBuildFile; fileRef = 0B71FEE727C205CD005BC3CE /* Users.swift */; };
		0B8D636127916082008D82DF /* TextConverter.swift in Sources */ = {isa = PBXBuildFile; fileRef = 0B8D636027916082008D82DF /* TextConverter.swift */; };
		0B8E638E27BE37BA00EC950A /* ViewController.swift in Sources */ = {isa = PBXBuildFile; fileRef = 0B8E638D27BE37BA00EC950A /* ViewController.swift */; };
		0BBEC0BC2775A6280008D2B0 /* DetailViewController.swift in Sources */ = {isa = PBXBuildFile; fileRef = 0BBEC0BB2775A6280008D2B0 /* DetailViewController.swift */; };
		0BCBE2062769A8D9003615DE /* BookList.swift in Sources */ = {isa = PBXBuildFile; fileRef = 0BCBE2052769A8D9003615DE /* BookList.swift */; };
		0BCBE20B2769AAEF003615DE /* ImageLoader.swift in Sources */ = {isa = PBXBuildFile; fileRef = 0BCBE20A2769AAEF003615DE /* ImageLoader.swift */; };
		0BCBE2122769B67E003615DE /* SearchViewModel.swift in Sources */ = {isa = PBXBuildFile; fileRef = 0BCBE2112769B67E003615DE /* SearchViewModel.swift */; };
		0BF13D1027672483009CB79B /* SearchCollectionViewCell.swift in Sources */ = {isa = PBXBuildFile; fileRef = 0BF13D0E27672483009CB79B /* SearchCollectionViewCell.swift */; };
		0BF13D1127672483009CB79B /* SearchCollectionViewCell.xib in Resources */ = {isa = PBXBuildFile; fileRef = 0BF13D0F27672483009CB79B /* SearchCollectionViewCell.xib */; };
		B15701F8B7B29450E3136414 /* Pods_Book.framework in Frameworks */ = {isa = PBXBuildFile; fileRef = 2462DA0B947B5A610AD7973C /* Pods_Book.framework */; };
/* End PBXBuildFile section */

/* Begin PBXFileReference section */
		0B23D9172786D19B00D29FEB /* DetailViewModel.swift */ = {isa = PBXFileReference; lastKnownFileType = sourcecode.swift; path = DetailViewModel.swift; sourceTree = "<group>"; };
		0B299BB427C790B700FB0BC0 /* LoginViewModel.swift */ = {isa = PBXFileReference; lastKnownFileType = sourcecode.swift; path = LoginViewModel.swift; sourceTree = "<group>"; };
		0B3F097727631712009BC7AD /* SearchViewController.swift */ = {isa = PBXFileReference; lastKnownFileType = sourcecode.swift; path = SearchViewController.swift; sourceTree = "<group>"; };
		0B3F097A276320C1009BC7AD /* PersistencyManager.swift */ = {isa = PBXFileReference; lastKnownFileType = sourcecode.swift; path = PersistencyManager.swift; sourceTree = "<group>"; };
		0B3F097C276320EA009BC7AD /* Books.swift */ = {isa = PBXFileReference; lastKnownFileType = sourcecode.swift; path = Books.swift; sourceTree = "<group>"; };
		0B58D5BA2761C448003C3832 /* Book.app */ = {isa = PBXFileReference; explicitFileType = wrapper.application; includeInIndex = 0; path = Book.app; sourceTree = BUILT_PRODUCTS_DIR; };
		0B58D5BD2761C448003C3832 /* AppDelegate.swift */ = {isa = PBXFileReference; lastKnownFileType = sourcecode.swift; path = AppDelegate.swift; sourceTree = "<group>"; };
		0B58D5BF2761C448003C3832 /* SceneDelegate.swift */ = {isa = PBXFileReference; lastKnownFileType = sourcecode.swift; path = SceneDelegate.swift; sourceTree = "<group>"; };
		0B58D5C12761C448003C3832 /* CalendarViewController.swift */ = {isa = PBXFileReference; lastKnownFileType = sourcecode.swift; path = CalendarViewController.swift; sourceTree = "<group>"; };
		0B58D5C42761C448003C3832 /* Base */ = {isa = PBXFileReference; lastKnownFileType = file.storyboard; name = Base; path = Base.lproj/Main.storyboard; sourceTree = "<group>"; };
		0B58D5C92761C44A003C3832 /* Base */ = {isa = PBXFileReference; lastKnownFileType = file.storyboard; name = Base; path = Base.lproj/LaunchScreen.storyboard; sourceTree = "<group>"; };
		0B58D5CB2761C44A003C3832 /* Info.plist */ = {isa = PBXFileReference; lastKnownFileType = text.plist.xml; path = Info.plist; sourceTree = "<group>"; };
		0B58D5D32761C60A003C3832 /* CalendarCollectionViewCell.swift */ = {isa = PBXFileReference; lastKnownFileType = sourcecode.swift; path = CalendarCollectionViewCell.swift; sourceTree = "<group>"; };
		0B58D5D42761C60A003C3832 /* CalendarCollectionViewCell.xib */ = {isa = PBXFileReference; lastKnownFileType = file.xib; path = CalendarCollectionViewCell.xib; sourceTree = "<group>"; };
		0B64FFD827BF6AD200618511 /* GoogleService-Info.plist */ = {isa = PBXFileReference; fileEncoding = 4; lastKnownFileType = text.plist.xml; path = "GoogleService-Info.plist"; sourceTree = "<group>"; };
		0B6E907627BE5772007DEB5D /* CustomSideMenuNavigationController.swift */ = {isa = PBXFileReference; lastKnownFileType = sourcecode.swift; path = CustomSideMenuNavigationController.swift; sourceTree = "<group>"; };
		0B6E907827BE58FC007DEB5D /* SideMenuViewController.swift */ = {isa = PBXFileReference; lastKnownFileType = sourcecode.swift; path = SideMenuViewController.swift; sourceTree = "<group>"; };
		0B6E907B27BE5C38007DEB5D /* RoundImage.swift */ = {isa = PBXFileReference; lastKnownFileType = sourcecode.swift; path = RoundImage.swift; sourceTree = "<group>"; };
		0B6E908827BE6AC6007DEB5D /* Assets.xcassets */ = {isa = PBXFileReference; lastKnownFileType = folder.assetcatalog; path = Assets.xcassets; sourceTree = "<group>"; };
		0B71FEE527C1FF2B005BC3CE /* SideMenuViewModel.swift */ = {isa = PBXFileReference; lastKnownFileType = sourcecode.swift; path = SideMenuViewModel.swift; sourceTree = "<group>"; };
		0B71FEE727C205CD005BC3CE /* Users.swift */ = {isa = PBXFileReference; lastKnownFileType = sourcecode.swift; path = Users.swift; sourceTree = "<group>"; };
		0B8D636027916082008D82DF /* TextConverter.swift */ = {isa = PBXFileReference; lastKnownFileType = sourcecode.swift; path = TextConverter.swift; sourceTree = "<group>"; };
		0B8E638D27BE37BA00EC950A /* ViewController.swift */ = {isa = PBXFileReference; lastKnownFileType = sourcecode.swift; path = ViewController.swift; sourceTree = "<group>"; };
		0BBEC0BB2775A6280008D2B0 /* DetailViewController.swift */ = {isa = PBXFileReference; lastKnownFileType = sourcecode.swift; path = DetailViewController.swift; sourceTree = "<group>"; };
		0BCBE2052769A8D9003615DE /* BookList.swift */ = {isa = PBXFileReference; lastKnownFileType = sourcecode.swift; path = BookList.swift; sourceTree = "<group>"; };
		0BCBE20A2769AAEF003615DE /* ImageLoader.swift */ = {isa = PBXFileReference; lastKnownFileType = sourcecode.swift; path = ImageLoader.swift; sourceTree = "<group>"; };
		0BCBE2112769B67E003615DE /* SearchViewModel.swift */ = {isa = PBXFileReference; lastKnownFileType = sourcecode.swift; path = SearchViewModel.swift; sourceTree = "<group>"; };
		0BF13D0E27672483009CB79B /* SearchCollectionViewCell.swift */ = {isa = PBXFileReference; lastKnownFileType = sourcecode.swift; path = SearchCollectionViewCell.swift; sourceTree = "<group>"; };
		0BF13D0F27672483009CB79B /* SearchCollectionViewCell.xib */ = {isa = PBXFileReference; lastKnownFileType = file.xib; path = SearchCollectionViewCell.xib; sourceTree = "<group>"; };
		2462DA0B947B5A610AD7973C /* Pods_Book.framework */ = {isa = PBXFileReference; explicitFileType = wrapper.framework; includeInIndex = 0; path = Pods_Book.framework; sourceTree = BUILT_PRODUCTS_DIR; };
		A014A0B82C1D803EBD035E33 /* Pods-Book.debug.xcconfig */ = {isa = PBXFileReference; includeInIndex = 1; lastKnownFileType = text.xcconfig; name = "Pods-Book.debug.xcconfig"; path = "Target Support Files/Pods-Book/Pods-Book.debug.xcconfig"; sourceTree = "<group>"; };
		F32771E3F0A427CD49823E46 /* Pods-Book.release.xcconfig */ = {isa = PBXFileReference; includeInIndex = 1; lastKnownFileType = text.xcconfig; name = "Pods-Book.release.xcconfig"; path = "Target Support Files/Pods-Book/Pods-Book.release.xcconfig"; sourceTree = "<group>"; };
/* End PBXFileReference section */

/* Begin PBXFrameworksBuildPhase section */
		0B58D5B72761C448003C3832 /* Frameworks */ = {
			isa = PBXFrameworksBuildPhase;
			buildActionMask = 2147483647;
			files = (
				B15701F8B7B29450E3136414 /* Pods_Book.framework in Frameworks */,
			);
			runOnlyForDeploymentPostprocessing = 0;
		};
/* End PBXFrameworksBuildPhase section */

/* Begin PBXGroup section */
		07FF1FB873C3F1A37E1A5A5D /* Pods */ = {
			isa = PBXGroup;
			children = (
				A014A0B82C1D803EBD035E33 /* Pods-Book.debug.xcconfig */,
				F32771E3F0A427CD49823E46 /* Pods-Book.release.xcconfig */,
			);
			path = Pods;
			sourceTree = "<group>";
		};
		0B3F0979276320A7009BC7AD /* Model */ = {
			isa = PBXGroup;
			children = (
				0B3F097C276320EA009BC7AD /* Books.swift */,
				0BCBE2052769A8D9003615DE /* BookList.swift */,
				0B71FEE727C205CD005BC3CE /* Users.swift */,
			);
			path = Model;
			sourceTree = "<group>";
		};
		0B58D5B12761C448003C3832 = {
			isa = PBXGroup;
			children = (
				0B58D5BC2761C448003C3832 /* Book */,
				0B58D5BB2761C448003C3832 /* Products */,
				07FF1FB873C3F1A37E1A5A5D /* Pods */,
				CC94F52A56F4DD94C28E3B7F /* Frameworks */,
			);
			sourceTree = "<group>";
		};
		0B58D5BB2761C448003C3832 /* Products */ = {
			isa = PBXGroup;
			children = (
				0B58D5BA2761C448003C3832 /* Book.app */,
			);
			name = Products;
			sourceTree = "<group>";
		};
		0B58D5BC2761C448003C3832 /* Book */ = {
			isa = PBXGroup;
			children = (
				0B6E907A27BE5C2B007DEB5D /* Extension */,
				0BCBE2102769B665003615DE /* ViewModel */,
				0BCBE2072769AAA7003615DE /* Network */,
				0B3F0979276320A7009BC7AD /* Model */,
				0B58D5D12761C5D2003C3832 /* Views */,
				0B58D5BD2761C448003C3832 /* AppDelegate.swift */,
				0B58D5BF2761C448003C3832 /* SceneDelegate.swift */,
				0B58D5C32761C448003C3832 /* Main.storyboard */,
				0B58D5C82761C44A003C3832 /* LaunchScreen.storyboard */,
				0B58D5CB2761C44A003C3832 /* Info.plist */,
				0B64FFD827BF6AD200618511 /* GoogleService-Info.plist */,
				0B6E908827BE6AC6007DEB5D /* Assets.xcassets */,
			);
			path = Book;
			sourceTree = "<group>";
		};
		0B58D5D12761C5D2003C3832 /* Views */ = {
			isa = PBXGroup;
			children = (
				0B6E907527BE5763007DEB5D /* SideMenu */,
				0BF13D0B2767243F009CB79B /* Search */,
				0B58D5D22761C5DE003C3832 /* Calendar */,
				0BBEC0BB2775A6280008D2B0 /* DetailViewController.swift */,
				0B8E638D27BE37BA00EC950A /* ViewController.swift */,
			);
			path = Views;
			sourceTree = "<group>";
		};
		0B58D5D22761C5DE003C3832 /* Calendar */ = {
			isa = PBXGroup;
			children = (
				0B58D5C12761C448003C3832 /* CalendarViewController.swift */,
				0B58D5D32761C60A003C3832 /* CalendarCollectionViewCell.swift */,
				0B58D5D42761C60A003C3832 /* CalendarCollectionViewCell.xib */,
			);
			path = Calendar;
			sourceTree = "<group>";
		};
		0B6E907527BE5763007DEB5D /* SideMenu */ = {
			isa = PBXGroup;
			children = (
				0B6E907627BE5772007DEB5D /* CustomSideMenuNavigationController.swift */,
				0B6E907827BE58FC007DEB5D /* SideMenuViewController.swift */,
			);
			path = SideMenu;
			sourceTree = "<group>";
		};
		0B6E907A27BE5C2B007DEB5D /* Extension */ = {
			isa = PBXGroup;
			children = (
				0B6E907B27BE5C38007DEB5D /* RoundImage.swift */,
			);
			path = Extension;
			sourceTree = "<group>";
		};
		0BCBE2072769AAA7003615DE /* Network */ = {
			isa = PBXGroup;
			children = (
				0B3F097A276320C1009BC7AD /* PersistencyManager.swift */,
				0BCBE20A2769AAEF003615DE /* ImageLoader.swift */,
				0B8D636027916082008D82DF /* TextConverter.swift */,
			);
			path = Network;
			sourceTree = "<group>";
		};
		0BCBE2102769B665003615DE /* ViewModel */ = {
			isa = PBXGroup;
			children = (
				0BCBE2112769B67E003615DE /* SearchViewModel.swift */,
				0B23D9172786D19B00D29FEB /* DetailViewModel.swift */,
				0B71FEE527C1FF2B005BC3CE /* SideMenuViewModel.swift */,
				0B299BB427C790B700FB0BC0 /* LoginViewModel.swift */,
			);
			path = ViewModel;
			sourceTree = "<group>";
		};
		0BF13D0B2767243F009CB79B /* Search */ = {
			isa = PBXGroup;
			children = (
				0B3F097727631712009BC7AD /* SearchViewController.swift */,
				0BF13D0E27672483009CB79B /* SearchCollectionViewCell.swift */,
				0BF13D0F27672483009CB79B /* SearchCollectionViewCell.xib */,
			);
			path = Search;
			sourceTree = "<group>";
		};
		CC94F52A56F4DD94C28E3B7F /* Frameworks */ = {
			isa = PBXGroup;
			children = (
				2462DA0B947B5A610AD7973C /* Pods_Book.framework */,
			);
			name = Frameworks;
			sourceTree = "<group>";
		};
/* End PBXGroup section */

/* Begin PBXNativeTarget section */
		0B58D5B92761C448003C3832 /* Book */ = {
			isa = PBXNativeTarget;
			buildConfigurationList = 0B58D5CE2761C44A003C3832 /* Build configuration list for PBXNativeTarget "Book" */;
			buildPhases = (
				D3D1A0FB15E2B53D1B84E615 /* [CP] Check Pods Manifest.lock */,
				0B58D5B62761C448003C3832 /* Sources */,
				0B58D5B72761C448003C3832 /* Frameworks */,
				0B58D5B82761C448003C3832 /* Resources */,
				AB59C1A6470D340A8C7226E2 /* [CP] Embed Pods Frameworks */,
			);
			buildRules = (
			);
			dependencies = (
			);
			name = Book;
			productName = Book;
			productReference = 0B58D5BA2761C448003C3832 /* Book.app */;
			productType = "com.apple.product-type.application";
		};
/* End PBXNativeTarget section */

/* Begin PBXProject section */
		0B58D5B22761C448003C3832 /* Project object */ = {
			isa = PBXProject;
			attributes = {
				BuildIndependentTargetsInParallel = 1;
				LastSwiftUpdateCheck = 1310;
				LastUpgradeCheck = 1310;
				TargetAttributes = {
					0B58D5B92761C448003C3832 = {
						CreatedOnToolsVersion = 13.1;
					};
				};
			};
			buildConfigurationList = 0B58D5B52761C448003C3832 /* Build configuration list for PBXProject "Book" */;
			compatibilityVersion = "Xcode 13.0";
			developmentRegion = en;
			hasScannedForEncodings = 0;
			knownRegions = (
				en,
				Base,
			);
			mainGroup = 0B58D5B12761C448003C3832;
			productRefGroup = 0B58D5BB2761C448003C3832 /* Products */;
			projectDirPath = "";
			projectRoot = "";
			targets = (
				0B58D5B92761C448003C3832 /* Book */,
			);
		};
/* End PBXProject section */

/* Begin PBXResourcesBuildPhase section */
		0B58D5B82761C448003C3832 /* Resources */ = {
			isa = PBXResourcesBuildPhase;
			buildActionMask = 2147483647;
			files = (
				0B58D5D62761C60A003C3832 /* CalendarCollectionViewCell.xib in Resources */,
				0B58D5CA2761C44A003C3832 /* LaunchScreen.storyboard in Resources */,
				0BF13D1127672483009CB79B /* SearchCollectionViewCell.xib in Resources */,
				0B58D5C52761C448003C3832 /* Main.storyboard in Resources */,
				0B6E908927BE6AC6007DEB5D /* Assets.xcassets in Resources */,
				0B64FFD927BF6AD200618511 /* GoogleService-Info.plist in Resources */,
			);
			runOnlyForDeploymentPostprocessing = 0;
		};
/* End PBXResourcesBuildPhase section */

/* Begin PBXShellScriptBuildPhase section */
		AB59C1A6470D340A8C7226E2 /* [CP] Embed Pods Frameworks */ = {
			isa = PBXShellScriptBuildPhase;
			buildActionMask = 2147483647;
			files = (
			);
			inputFileListPaths = (
				"${PODS_ROOT}/Target Support Files/Pods-Book/Pods-Book-frameworks-${CONFIGURATION}-input-files.xcfilelist",
			);
			name = "[CP] Embed Pods Frameworks";
			outputFileListPaths = (
				"${PODS_ROOT}/Target Support Files/Pods-Book/Pods-Book-frameworks-${CONFIGURATION}-output-files.xcfilelist",
			);
			runOnlyForDeploymentPostprocessing = 0;
			shellPath = /bin/sh;
			shellScript = "\"${PODS_ROOT}/Target Support Files/Pods-Book/Pods-Book-frameworks.sh\"\n";
			showEnvVarsInLog = 0;
		};
		D3D1A0FB15E2B53D1B84E615 /* [CP] Check Pods Manifest.lock */ = {
			isa = PBXShellScriptBuildPhase;
			buildActionMask = 2147483647;
			files = (
			);
			inputFileListPaths = (
			);
			inputPaths = (
				"${PODS_PODFILE_DIR_PATH}/Podfile.lock",
				"${PODS_ROOT}/Manifest.lock",
			);
			name = "[CP] Check Pods Manifest.lock";
			outputFileListPaths = (
			);
			outputPaths = (
				"$(DERIVED_FILE_DIR)/Pods-Book-checkManifestLockResult.txt",
			);
			runOnlyForDeploymentPostprocessing = 0;
			shellPath = /bin/sh;
			shellScript = "diff \"${PODS_PODFILE_DIR_PATH}/Podfile.lock\" \"${PODS_ROOT}/Manifest.lock\" > /dev/null\nif [ $? != 0 ] ; then\n    # print error to STDERR\n    echo \"error: The sandbox is not in sync with the Podfile.lock. Run 'pod install' or update your CocoaPods installation.\" >&2\n    exit 1\nfi\n# This output is used by Xcode 'outputs' to avoid re-running this script phase.\necho \"SUCCESS\" > \"${SCRIPT_OUTPUT_FILE_0}\"\n";
			showEnvVarsInLog = 0;
		};
/* End PBXShellScriptBuildPhase section */

/* Begin PBXSourcesBuildPhase section */
		0B58D5B62761C448003C3832 /* Sources */ = {
			isa = PBXSourcesBuildPhase;
			buildActionMask = 2147483647;
			files = (
				0B6E907727BE5772007DEB5D /* CustomSideMenuNavigationController.swift in Sources */,
				0B8E638E27BE37BA00EC950A /* ViewController.swift in Sources */,
				0BCBE2122769B67E003615DE /* SearchViewModel.swift in Sources */,
				0B3F097827631712009BC7AD /* SearchViewController.swift in Sources */,
				0B6E907C27BE5C38007DEB5D /* RoundImage.swift in Sources */,
				0B3F097B276320C1009BC7AD /* PersistencyManager.swift in Sources */,
				0BBEC0BC2775A6280008D2B0 /* DetailViewController.swift in Sources */,
				0B71FEE627C1FF2B005BC3CE /* SideMenuViewModel.swift in Sources */,
				0B58D5D52761C60A003C3832 /* CalendarCollectionViewCell.swift in Sources */,
				0BCBE2062769A8D9003615DE /* BookList.swift in Sources */,
				0BCBE20B2769AAEF003615DE /* ImageLoader.swift in Sources */,
				0B3F097D276320EA009BC7AD /* Books.swift in Sources */,
				0B71FEE827C205CD005BC3CE /* Users.swift in Sources */,
				0B6E907927BE58FC007DEB5D /* SideMenuViewController.swift in Sources */,
				0B58D5C22761C448003C3832 /* CalendarViewController.swift in Sources */,
				0B8D636127916082008D82DF /* TextConverter.swift in Sources */,
				0B23D9182786D19B00D29FEB /* DetailViewModel.swift in Sources */,
				0B58D5BE2761C448003C3832 /* AppDelegate.swift in Sources */,
				0BF13D1027672483009CB79B /* SearchCollectionViewCell.swift in Sources */,
				0B58D5C02761C448003C3832 /* SceneDelegate.swift in Sources */,
				0B299BB527C790B700FB0BC0 /* LoginViewModel.swift in Sources */,
			);
			runOnlyForDeploymentPostprocessing = 0;
		};
/* End PBXSourcesBuildPhase section */

/* Begin PBXVariantGroup section */
		0B58D5C32761C448003C3832 /* Main.storyboard */ = {
			isa = PBXVariantGroup;
			children = (
				0B58D5C42761C448003C3832 /* Base */,
			);
			name = Main.storyboard;
			sourceTree = "<group>";
		};
		0B58D5C82761C44A003C3832 /* LaunchScreen.storyboard */ = {
			isa = PBXVariantGroup;
			children = (
				0B58D5C92761C44A003C3832 /* Base */,
			);
			name = LaunchScreen.storyboard;
			sourceTree = "<group>";
		};
/* End PBXVariantGroup section */

/* Begin XCBuildConfiguration section */
		0B58D5CC2761C44A003C3832 /* Debug */ = {
			isa = XCBuildConfiguration;
			buildSettings = {
				ALWAYS_SEARCH_USER_PATHS = NO;
				CLANG_ANALYZER_NONNULL = YES;
				CLANG_ANALYZER_NUMBER_OBJECT_CONVERSION = YES_AGGRESSIVE;
				CLANG_CXX_LANGUAGE_STANDARD = "gnu++17";
				CLANG_CXX_LIBRARY = "libc++";
				CLANG_ENABLE_MODULES = YES;
				CLANG_ENABLE_OBJC_ARC = YES;
				CLANG_ENABLE_OBJC_WEAK = YES;
				CLANG_WARN_BLOCK_CAPTURE_AUTORELEASING = YES;
				CLANG_WARN_BOOL_CONVERSION = YES;
				CLANG_WARN_COMMA = YES;
				CLANG_WARN_CONSTANT_CONVERSION = YES;
				CLANG_WARN_DEPRECATED_OBJC_IMPLEMENTATIONS = YES;
				CLANG_WARN_DIRECT_OBJC_ISA_USAGE = YES_ERROR;
				CLANG_WARN_DOCUMENTATION_COMMENTS = YES;
				CLANG_WARN_EMPTY_BODY = YES;
				CLANG_WARN_ENUM_CONVERSION = YES;
				CLANG_WARN_INFINITE_RECURSION = YES;
				CLANG_WARN_INT_CONVERSION = YES;
				CLANG_WARN_NON_LITERAL_NULL_CONVERSION = YES;
				CLANG_WARN_OBJC_IMPLICIT_RETAIN_SELF = YES;
				CLANG_WARN_OBJC_LITERAL_CONVERSION = YES;
				CLANG_WARN_OBJC_ROOT_CLASS = YES_ERROR;
				CLANG_WARN_QUOTED_INCLUDE_IN_FRAMEWORK_HEADER = YES;
				CLANG_WARN_RANGE_LOOP_ANALYSIS = YES;
				CLANG_WARN_STRICT_PROTOTYPES = YES;
				CLANG_WARN_SUSPICIOUS_MOVE = YES;
				CLANG_WARN_UNGUARDED_AVAILABILITY = YES_AGGRESSIVE;
				CLANG_WARN_UNREACHABLE_CODE = YES;
				CLANG_WARN__DUPLICATE_METHOD_MATCH = YES;
				COPY_PHASE_STRIP = NO;
				DEBUG_INFORMATION_FORMAT = dwarf;
				ENABLE_STRICT_OBJC_MSGSEND = YES;
				ENABLE_TESTABILITY = YES;
				GCC_C_LANGUAGE_STANDARD = gnu11;
				GCC_DYNAMIC_NO_PIC = NO;
				GCC_NO_COMMON_BLOCKS = YES;
				GCC_OPTIMIZATION_LEVEL = 0;
				GCC_PREPROCESSOR_DEFINITIONS = (
					"DEBUG=1",
					"$(inherited)",
				);
				GCC_WARN_64_TO_32_BIT_CONVERSION = YES;
				GCC_WARN_ABOUT_RETURN_TYPE = YES_ERROR;
				GCC_WARN_UNDECLARED_SELECTOR = YES;
				GCC_WARN_UNINITIALIZED_AUTOS = YES_AGGRESSIVE;
				GCC_WARN_UNUSED_FUNCTION = YES;
				GCC_WARN_UNUSED_VARIABLE = YES;
				IPHONEOS_DEPLOYMENT_TARGET = 15.0;
				MTL_ENABLE_DEBUG_INFO = INCLUDE_SOURCE;
				MTL_FAST_MATH = YES;
				ONLY_ACTIVE_ARCH = YES;
				SDKROOT = iphoneos;
				SWIFT_ACTIVE_COMPILATION_CONDITIONS = DEBUG;
				SWIFT_OPTIMIZATION_LEVEL = "-Onone";
			};
			name = Debug;
		};
		0B58D5CD2761C44A003C3832 /* Release */ = {
			isa = XCBuildConfiguration;
			buildSettings = {
				ALWAYS_SEARCH_USER_PATHS = NO;
				CLANG_ANALYZER_NONNULL = YES;
				CLANG_ANALYZER_NUMBER_OBJECT_CONVERSION = YES_AGGRESSIVE;
				CLANG_CXX_LANGUAGE_STANDARD = "gnu++17";
				CLANG_CXX_LIBRARY = "libc++";
				CLANG_ENABLE_MODULES = YES;
				CLANG_ENABLE_OBJC_ARC = YES;
				CLANG_ENABLE_OBJC_WEAK = YES;
				CLANG_WARN_BLOCK_CAPTURE_AUTORELEASING = YES;
				CLANG_WARN_BOOL_CONVERSION = YES;
				CLANG_WARN_COMMA = YES;
				CLANG_WARN_CONSTANT_CONVERSION = YES;
				CLANG_WARN_DEPRECATED_OBJC_IMPLEMENTATIONS = YES;
				CLANG_WARN_DIRECT_OBJC_ISA_USAGE = YES_ERROR;
				CLANG_WARN_DOCUMENTATION_COMMENTS = YES;
				CLANG_WARN_EMPTY_BODY = YES;
				CLANG_WARN_ENUM_CONVERSION = YES;
				CLANG_WARN_INFINITE_RECURSION = YES;
				CLANG_WARN_INT_CONVERSION = YES;
				CLANG_WARN_NON_LITERAL_NULL_CONVERSION = YES;
				CLANG_WARN_OBJC_IMPLICIT_RETAIN_SELF = YES;
				CLANG_WARN_OBJC_LITERAL_CONVERSION = YES;
				CLANG_WARN_OBJC_ROOT_CLASS = YES_ERROR;
				CLANG_WARN_QUOTED_INCLUDE_IN_FRAMEWORK_HEADER = YES;
				CLANG_WARN_RANGE_LOOP_ANALYSIS = YES;
				CLANG_WARN_STRICT_PROTOTYPES = YES;
				CLANG_WARN_SUSPICIOUS_MOVE = YES;
				CLANG_WARN_UNGUARDED_AVAILABILITY = YES_AGGRESSIVE;
				CLANG_WARN_UNREACHABLE_CODE = YES;
				CLANG_WARN__DUPLICATE_METHOD_MATCH = YES;
				COPY_PHASE_STRIP = NO;
				DEBUG_INFORMATION_FORMAT = "dwarf-with-dsym";
				ENABLE_NS_ASSERTIONS = NO;
				ENABLE_STRICT_OBJC_MSGSEND = YES;
				GCC_C_LANGUAGE_STANDARD = gnu11;
				GCC_NO_COMMON_BLOCKS = YES;
				GCC_WARN_64_TO_32_BIT_CONVERSION = YES;
				GCC_WARN_ABOUT_RETURN_TYPE = YES_ERROR;
				GCC_WARN_UNDECLARED_SELECTOR = YES;
				GCC_WARN_UNINITIALIZED_AUTOS = YES_AGGRESSIVE;
				GCC_WARN_UNUSED_FUNCTION = YES;
				GCC_WARN_UNUSED_VARIABLE = YES;
				IPHONEOS_DEPLOYMENT_TARGET = 15.0;
				MTL_ENABLE_DEBUG_INFO = NO;
				MTL_FAST_MATH = YES;
				SDKROOT = iphoneos;
				SWIFT_COMPILATION_MODE = wholemodule;
				SWIFT_OPTIMIZATION_LEVEL = "-O";
				VALIDATE_PRODUCT = YES;
			};
			name = Release;
		};
		0B58D5CF2761C44A003C3832 /* Debug */ = {
			isa = XCBuildConfiguration;
			baseConfigurationReference = A014A0B82C1D803EBD035E33 /* Pods-Book.debug.xcconfig */;
			buildSettings = {
				ASSETCATALOG_COMPILER_APPICON_NAME = AppIcon;
				ASSETCATALOG_COMPILER_GLOBAL_ACCENT_COLOR_NAME = AccentColor;
				CODE_SIGN_STYLE = Automatic;
				CURRENT_PROJECT_VERSION = 1;
				GENERATE_INFOPLIST_FILE = YES;
				INFOPLIST_FILE = Book/Info.plist;
				INFOPLIST_KEY_UIApplicationSupportsIndirectInputEvents = YES;
				INFOPLIST_KEY_UILaunchStoryboardName = LaunchScreen;
				INFOPLIST_KEY_UIMainStoryboardFile = Main;
				INFOPLIST_KEY_UISupportedInterfaceOrientations_iPad = "UIInterfaceOrientationPortrait UIInterfaceOrientationPortraitUpsideDown UIInterfaceOrientationLandscapeLeft UIInterfaceOrientationLandscapeRight";
				INFOPLIST_KEY_UISupportedInterfaceOrientations_iPhone = "UIInterfaceOrientationPortrait UIInterfaceOrientationLandscapeLeft UIInterfaceOrientationLandscapeRight";
				LD_RUNPATH_SEARCH_PATHS = (
					"$(inherited)",
					"@executable_path/Frameworks",
				);
				MARKETING_VERSION = 1.0;
				PRODUCT_BUNDLE_IDENTIFIER = com.nezhitsya.Book;
				PRODUCT_NAME = "$(TARGET_NAME)";
				SWIFT_EMIT_LOC_STRINGS = YES;
				SWIFT_VERSION = 5.0;
				TARGETED_DEVICE_FAMILY = "1,2";
			};
			name = Debug;
		};
		0B58D5D02761C44A003C3832 /* Release */ = {
			isa = XCBuildConfiguration;
			baseConfigurationReference = F32771E3F0A427CD49823E46 /* Pods-Book.release.xcconfig */;
			buildSettings = {
				ASSETCATALOG_COMPILER_APPICON_NAME = AppIcon;
				ASSETCATALOG_COMPILER_GLOBAL_ACCENT_COLOR_NAME = AccentColor;
				CODE_SIGN_STYLE = Automatic;
				CURRENT_PROJECT_VERSION = 1;
				GENERATE_INFOPLIST_FILE = YES;
				INFOPLIST_FILE = Book/Info.plist;
				INFOPLIST_KEY_UIApplicationSupportsIndirectInputEvents = YES;
				INFOPLIST_KEY_UILaunchStoryboardName = LaunchScreen;
				INFOPLIST_KEY_UIMainStoryboardFile = Main;
				INFOPLIST_KEY_UISupportedInterfaceOrientations_iPad = "UIInterfaceOrientationPortrait UIInterfaceOrientationPortraitUpsideDown UIInterfaceOrientationLandscapeLeft UIInterfaceOrientationLandscapeRight";
				INFOPLIST_KEY_UISupportedInterfaceOrientations_iPhone = "UIInterfaceOrientationPortrait UIInterfaceOrientationLandscapeLeft UIInterfaceOrientationLandscapeRight";
				LD_RUNPATH_SEARCH_PATHS = (
					"$(inherited)",
					"@executable_path/Frameworks",
				);
				MARKETING_VERSION = 1.0;
				PRODUCT_BUNDLE_IDENTIFIER = com.nezhitsya.Book;
				PRODUCT_NAME = "$(TARGET_NAME)";
				SWIFT_EMIT_LOC_STRINGS = YES;
				SWIFT_VERSION = 5.0;
				TARGETED_DEVICE_FAMILY = "1,2";
			};
			name = Release;
		};
/* End XCBuildConfiguration section */

/* Begin XCConfigurationList section */
		0B58D5B52761C448003C3832 /* Build configuration list for PBXProject "Book" */ = {
			isa = XCConfigurationList;
			buildConfigurations = (
				0B58D5CC2761C44A003C3832 /* Debug */,
				0B58D5CD2761C44A003C3832 /* Release */,
			);
			defaultConfigurationIsVisible = 0;
			defaultConfigurationName = Release;
		};
		0B58D5CE2761C44A003C3832 /* Build configuration list for PBXNativeTarget "Book" */ = {
			isa = XCConfigurationList;
			buildConfigurations = (
				0B58D5CF2761C44A003C3832 /* Debug */,
				0B58D5D02761C44A003C3832 /* Release */,
			);
			defaultConfigurationIsVisible = 0;
			defaultConfigurationName = Release;
		};
/* End XCConfigurationList section */
	};
	rootObject = 0B58D5B22761C448003C3832 /* Project object */;
}
